{
  "name": "electron-quick-start",
  "version": "1.0.0",
  "lockfileVersion": 1,
  "requires": true,
  "dependencies": {
    "electron": {
      "version": "2.0.1",
      "resolved": "http://registry.npm.taobao.org/electron/download/electron-2.0.1.tgz",
      "dev": true,
      "dependencies": {
        "@types/node": {
          "version": "http://registry.npm.taobao.org/@types/node/download/@types/node-8.10.15.tgz"
        },
        "electron-download": {
          "version": "http://registry.npm.taobao.org/electron-download/download/electron-download-3.3.0.tgz"
        },
        "extract-zip": {
          "version": "http://registry.npm.taobao.org/extract-zip/download/extract-zip-1.6.6.tgz"
        }
      }
    },
    "lodash": {
      "version": "4.17.10",
      "resolved": "https://registry.npmjs.org/lodash/-/lodash-4.17.10.tgz",
      "integrity": "sha512-UejweD1pDoXu+AD825lWwp4ZGtSwgnpZxb3JDViD7StjQz+Nb/6l093lx4OQ0foGWNRoc19mWy7BzL+UAK2iVg=="
    }
  }
}
